
Microsoft Visual Studio Solution File, Format Version 12.00
# Visual Studio 14
VisualStudioVersion = 14.0.25420.1
MinimumVisualStudioVersion = 10.0.40219.1
Project("{FAE04EC0-301F-11D3-BF4B-00C04F79EFBC}") = "J3DModelViewer", "J3DModelViewer\J3DModelViewer.csproj", "{9325A8F9-924C-4A20-982A-7142F14BF833}"
EndProject
Project("{FAE04EC0-301F-11D3-BF4B-00C04F79EFBC}") = "JStudio", "JStudio\JStudio.csproj", "{B90410AE-BB67-4D7A-B4F5-7209CB357A44}"
EndProject
Project("{FAE04EC0-301F-11D3-BF4B-00C04F79EFBC}") = "WCommon", "WCommon\WCommon.csproj", "{E8AF46CC-76DC-4541-A578-5067EAD07087}"
EndProject
Global
	GlobalSection(SolutionConfigurationPlatforms) = preSolution
		Debug|Any CPU = Debug|Any CPU
		Debug|x64 = Debug|x64
		Release|Any CPU = Release|Any CPU
		Release|x64 = Release|x64
	EndGlobalSection
	GlobalSection(ProjectConfigurationPlatforms) = postSolution
		{9325A8F9-924C-4A20-982A-7142F14BF833}.Debug|Any CPU.ActiveCfg = Debug|Any CPU
		{9325A8F9-924C-4A20-982A-7142F14BF833}.Debug|Any CPU.Build.0 = Debug|Any CPU
		{9325A8F9-924C-4A20-982A-7142F14BF833}.Debug|x64.ActiveCfg = Debug|x64
		{9325A8F9-924C-4A20-982A-7142F14BF833}.Debug|x64.Build.0 = Debug|x64
		{9325A8F9-924C-4A20-982A-7142F14BF833}.Release|Any CPU.ActiveCfg = Release|Any CPU
		{9325A8F9-924C-4A20-982A-7142F14BF833}.Release|Any CPU.Build.0 = Release|Any CPU
		{9325A8F9-924C-4A20-982A-7142F14BF833}.Release|x64.ActiveCfg = Release|x64
		{9325A8F9-924C-4A20-982A-7142F14BF833}.Release|x64.Build.0 = Release|x64
		{B90410AE-BB67-4D7A-B4F5-7209CB357A44}.Debug|Any CPU.ActiveCfg = Debug|Any CPU
		{B90410AE-BB67-4D7A-B4F5-7209CB357A44}.Debug|Any CPU.Build.0 = Debug|Any CPU
		{B90410AE-BB67-4D7A-B4F5-7209CB357A44}.Debug|x64.ActiveCfg = Debug|x64
		{B90410AE-BB67-4D7A-B4F5-7209CB357A44}.Debug|x64.Build.0 = Debug|x64
		{B90410AE-BB67-4D7A-B4F5-7209CB357A44}.Release|Any CPU.ActiveCfg = Release|Any CPU
		{B90410AE-BB67-4D7A-B4F5-7209CB357A44}.Release|Any CPU.Build.0 = Release|Any CPU
		{B90410AE-BB67-4D7A-B4F5-7209CB357A44}.Release|x64.ActiveCfg = Release|x64
		{B90410AE-BB67-4D7A-B4F5-7209CB357A44}.Release|x64.Build.0 = Release|x64
		{E8AF46CC-76DC-4541-A578-5067EAD07087}.Debug|Any CPU.ActiveCfg = Debug|Any CPU
		{E8AF46CC-76DC-4541-A578-5067EAD07087}.Debug|Any CPU.Build.0 = Debug|Any CPU
		{E8AF46CC-76DC-4541-A578-5067EAD07087}.Debug|x64.ActiveCfg = Debug|x64
		{E8AF46CC-76DC-4541-A578-5067EAD07087}.Debug|x64.Build.0 = Debug|x64
		{E8AF46CC-76DC-4541-A578-5067EAD07087}.Release|Any CPU.ActiveCfg = Release|Any CPU
		{E8AF46CC-76DC-4541-A578-5067EAD07087}.Release|Any CPU.Build.0 = Release|Any CPU
		{E8AF46CC-76DC-4541-A578-5067EAD07087}.Release|x64.ActiveCfg = Release|x64
		{E8AF46CC-76DC-4541-A578-5067EAD07087}.Release|x64.Build.0 = Release|x64
	EndGlobalSection
	GlobalSection(SolutionProperties) = preSolution
		HideSolutionNode = FALSE
	EndGlobalSection
EndGlobal
